// !$*UTF8*$!
{
	archiveVersion = 1;
	classes = {
	};
	objectVersion = 55;
	objects = {

/* Begin PBXBuildFile section */
		4F21B926275E65E7003F9BEB /* AppDelegate.swift in Sources */ = {isa = PBXBuildFile; fileRef = 4F21B925275E65E7003F9BEB /* AppDelegate.swift */; };
		4F21B928275E65E7003F9BEB /* SceneDelegate.swift in Sources */ = {isa = PBXBuildFile; fileRef = 4F21B927275E65E7003F9BEB /* SceneDelegate.swift */; };
		4F21B92F275E65FC003F9BEB /* Assets.xcassets in Resources */ = {isa = PBXBuildFile; fileRef = 4F21B92E275E65FC003F9BEB /* Assets.xcassets */; };
		4F21B932275E65FC003F9BEB /* LaunchScreen.storyboard in Resources */ = {isa = PBXBuildFile; fileRef = 4F21B930275E65FC003F9BEB /* LaunchScreen.storyboard */; };
		4F21B93D275E65FE003F9BEB /* RickAndMortyTests.swift in Sources */ = {isa = PBXBuildFile; fileRef = 4F21B93C275E65FE003F9BEB /* RickAndMortyTests.swift */; };
		4F21B947275E65FE003F9BEB /* RickAndMortyUITests.swift in Sources */ = {isa = PBXBuildFile; fileRef = 4F21B946275E65FE003F9BEB /* RickAndMortyUITests.swift */; };
		4F21B949275E65FE003F9BEB /* RickAndMortyUITestsLaunchTests.swift in Sources */ = {isa = PBXBuildFile; fileRef = 4F21B948275E65FE003F9BEB /* RickAndMortyUITestsLaunchTests.swift */; };
		4F21B958275E6FC7003F9BEB /* ListEpisodesViewController.swift in Sources */ = {isa = PBXBuildFile; fileRef = 4F21B957275E6FC7003F9BEB /* ListEpisodesViewController.swift */; };
		4F21B95A275E753E003F9BEB /* ListEpisodesInteractor.swift in Sources */ = {isa = PBXBuildFile; fileRef = 4F21B959275E753E003F9BEB /* ListEpisodesInteractor.swift */; };
		4F21B95D275E7688003F9BEB /* Episode.swift in Sources */ = {isa = PBXBuildFile; fileRef = 4F21B95C275E7688003F9BEB /* Episode.swift */; };
		4F21B960275E7A3E003F9BEB /* EpisodesWorker.swift in Sources */ = {isa = PBXBuildFile; fileRef = 4F21B95F275E7A3E003F9BEB /* EpisodesWorker.swift */; };
		4F21B962275E861A003F9BEB /* EpisodesAPI.swift in Sources */ = {isa = PBXBuildFile; fileRef = 4F21B961275E861A003F9BEB /* EpisodesAPI.swift */; };
		4F21B965275E8909003F9BEB /* ListEpisodesModels.swift in Sources */ = {isa = PBXBuildFile; fileRef = 4F21B964275E8909003F9BEB /* ListEpisodesModels.swift */; };
		4F21B967275E9A05003F9BEB /* ListEpisodesPresenter.swift in Sources */ = {isa = PBXBuildFile; fileRef = 4F21B966275E9A05003F9BEB /* ListEpisodesPresenter.swift */; };
		4F21B96A275ED561003F9BEB /* EpisodeDetailViewController.swift in Sources */ = {isa = PBXBuildFile; fileRef = 4F21B969275ED55F003F9BEB /* EpisodeDetailViewController.swift */; };
		4F21B96C275ED75E003F9BEB /* ListEpisodesRouter.swift in Sources */ = {isa = PBXBuildFile; fileRef = 4F21B96B275ED75E003F9BEB /* ListEpisodesRouter.swift */; };
		4F21B96E275EE385003F9BEB /* EpisodeDetailModels.swift in Sources */ = {isa = PBXBuildFile; fileRef = 4F21B96D275EE384003F9BEB /* EpisodeDetailModels.swift */; };
		4F21B970275EE539003F9BEB /* EpisodeDetailsInteractor.swift in Sources */ = {isa = PBXBuildFile; fileRef = 4F21B96F275EE539003F9BEB /* EpisodeDetailsInteractor.swift */; };
		4F21B972275F7E04003F9BEB /* EpisodeDetailPresenter.swift in Sources */ = {isa = PBXBuildFile; fileRef = 4F21B971275F7E04003F9BEB /* EpisodeDetailPresenter.swift */; };
		4F21B975275F8522003F9BEB /* EpisodeInfoTableViewCell.swift in Sources */ = {isa = PBXBuildFile; fileRef = 4F21B974275F8522003F9BEB /* EpisodeInfoTableViewCell.swift */; };
		4F21B977275F9150003F9BEB /* EpisodeCharacterTableViewCell.swift in Sources */ = {isa = PBXBuildFile; fileRef = 4F21B976275F9150003F9BEB /* EpisodeCharacterTableViewCell.swift */; };
		4FF3C807275FBB760092A86D /* ListEpisodes.json in Resources */ = {isa = PBXBuildFile; fileRef = 4FF3C806275FBB760092A86D /* ListEpisodes.json */; };
/* End PBXBuildFile section */

/* Begin PBXContainerItemProxy section */
		4F21B939275E65FE003F9BEB /* PBXContainerItemProxy */ = {
			isa = PBXContainerItemProxy;
			containerPortal = 4F21B91A275E65E6003F9BEB /* Project object */;
			proxyType = 1;
			remoteGlobalIDString = 4F21B921275E65E7003F9BEB;
			remoteInfo = RickAndMorty;
		};
		4F21B943275E65FE003F9BEB /* PBXContainerItemProxy */ = {
			isa = PBXContainerItemProxy;
			containerPortal = 4F21B91A275E65E6003F9BEB /* Project object */;
			proxyType = 1;
			remoteGlobalIDString = 4F21B921275E65E7003F9BEB;
			remoteInfo = RickAndMorty;
		};
/* End PBXContainerItemProxy section */

/* Begin PBXFileReference section */
		4F21B922275E65E7003F9BEB /* RickAndMorty.app */ = {isa = PBXFileReference; explicitFileType = wrapper.application; includeInIndex = 0; path = RickAndMorty.app; sourceTree = BUILT_PRODUCTS_DIR; };
		4F21B925275E65E7003F9BEB /* AppDelegate.swift */ = {isa = PBXFileReference; lastKnownFileType = sourcecode.swift; path = AppDelegate.swift; sourceTree = "<group>"; };
		4F21B927275E65E7003F9BEB /* SceneDelegate.swift */ = {isa = PBXFileReference; lastKnownFileType = sourcecode.swift; path = SceneDelegate.swift; sourceTree = "<group>"; };
		4F21B92E275E65FC003F9BEB /* Assets.xcassets */ = {isa = PBXFileReference; lastKnownFileType = folder.assetcatalog; path = Assets.xcassets; sourceTree = "<group>"; };
		4F21B931275E65FC003F9BEB /* Base */ = {isa = PBXFileReference; lastKnownFileType = file.storyboard; name = Base; path = Base.lproj/LaunchScreen.storyboard; sourceTree = "<group>"; };
		4F21B933275E65FC003F9BEB /* Info.plist */ = {isa = PBXFileReference; lastKnownFileType = text.plist.xml; path = Info.plist; sourceTree = "<group>"; };
		4F21B938275E65FE003F9BEB /* RickAndMortyTests.xctest */ = {isa = PBXFileReference; explicitFileType = wrapper.cfbundle; includeInIndex = 0; path = RickAndMortyTests.xctest; sourceTree = BUILT_PRODUCTS_DIR; };
		4F21B93C275E65FE003F9BEB /* RickAndMortyTests.swift */ = {isa = PBXFileReference; lastKnownFileType = sourcecode.swift; path = RickAndMortyTests.swift; sourceTree = "<group>"; };
		4F21B942275E65FE003F9BEB /* RickAndMortyUITests.xctest */ = {isa = PBXFileReference; explicitFileType = wrapper.cfbundle; includeInIndex = 0; path = RickAndMortyUITests.xctest; sourceTree = BUILT_PRODUCTS_DIR; };
		4F21B946275E65FE003F9BEB /* RickAndMortyUITests.swift */ = {isa = PBXFileReference; lastKnownFileType = sourcecode.swift; path = RickAndMortyUITests.swift; sourceTree = "<group>"; };
		4F21B948275E65FE003F9BEB /* RickAndMortyUITestsLaunchTests.swift */ = {isa = PBXFileReference; lastKnownFileType = sourcecode.swift; path = RickAndMortyUITestsLaunchTests.swift; sourceTree = "<group>"; };
		4F21B957275E6FC7003F9BEB /* ListEpisodesViewController.swift */ = {isa = PBXFileReference; lastKnownFileType = sourcecode.swift; path = ListEpisodesViewController.swift; sourceTree = "<group>"; };
		4F21B959275E753E003F9BEB /* ListEpisodesInteractor.swift */ = {isa = PBXFileReference; lastKnownFileType = sourcecode.swift; path = ListEpisodesInteractor.swift; sourceTree = "<group>"; };
		4F21B95C275E7688003F9BEB /* Episode.swift */ = {isa = PBXFileReference; lastKnownFileType = sourcecode.swift; path = Episode.swift; sourceTree = "<group>"; };
		4F21B95F275E7A3E003F9BEB /* EpisodesWorker.swift */ = {isa = PBXFileReference; lastKnownFileType = sourcecode.swift; path = EpisodesWorker.swift; sourceTree = "<group>"; };
		4F21B961275E861A003F9BEB /* EpisodesAPI.swift */ = {isa = PBXFileReference; lastKnownFileType = sourcecode.swift; path = EpisodesAPI.swift; sourceTree = "<group>"; };
		4F21B964275E8909003F9BEB /* ListEpisodesModels.swift */ = {isa = PBXFileReference; lastKnownFileType = sourcecode.swift; path = ListEpisodesModels.swift; sourceTree = "<group>"; };
		4F21B966275E9A05003F9BEB /* ListEpisodesPresenter.swift */ = {isa = PBXFileReference; lastKnownFileType = sourcecode.swift; path = ListEpisodesPresenter.swift; sourceTree = "<group>"; };
		4F21B969275ED55F003F9BEB /* EpisodeDetailViewController.swift */ = {isa = PBXFileReference; lastKnownFileType = sourcecode.swift; path = EpisodeDetailViewController.swift; sourceTree = "<group>"; };
		4F21B96B275ED75E003F9BEB /* ListEpisodesRouter.swift */ = {isa = PBXFileReference; lastKnownFileType = sourcecode.swift; path = ListEpisodesRouter.swift; sourceTree = "<group>"; };
		4F21B96D275EE384003F9BEB /* EpisodeDetailModels.swift */ = {isa = PBXFileReference; lastKnownFileType = sourcecode.swift; path = EpisodeDetailModels.swift; sourceTree = "<group>"; };
		4F21B96F275EE539003F9BEB /* EpisodeDetailsInteractor.swift */ = {isa = PBXFileReference; lastKnownFileType = sourcecode.swift; path = EpisodeDetailsInteractor.swift; sourceTree = "<group>"; };
		4F21B971275F7E04003F9BEB /* EpisodeDetailPresenter.swift */ = {isa = PBXFileReference; lastKnownFileType = sourcecode.swift; path = EpisodeDetailPresenter.swift; sourceTree = "<group>"; };
		4F21B974275F8522003F9BEB /* EpisodeInfoTableViewCell.swift */ = {isa = PBXFileReference; lastKnownFileType = sourcecode.swift; path = EpisodeInfoTableViewCell.swift; sourceTree = "<group>"; };
		4F21B976275F9150003F9BEB /* EpisodeCharacterTableViewCell.swift */ = {isa = PBXFileReference; lastKnownFileType = sourcecode.swift; path = EpisodeCharacterTableViewCell.swift; sourceTree = "<group>"; };
		4FF3C806275FBB760092A86D /* ListEpisodes.json */ = {isa = PBXFileReference; lastKnownFileType = text.json; path = ListEpisodes.json; sourceTree = "<group>"; };
/* End PBXFileReference section */

/* Begin PBXFrameworksBuildPhase section */
		4F21B91F275E65E7003F9BEB /* Frameworks */ = {
			isa = PBXFrameworksBuildPhase;
			buildActionMask = 2147483647;
			files = (
			);
			runOnlyForDeploymentPostprocessing = 0;
		};
		4F21B935275E65FD003F9BEB /* Frameworks */ = {
			isa = PBXFrameworksBuildPhase;
			buildActionMask = 2147483647;
			files = (
			);
			runOnlyForDeploymentPostprocessing = 0;
		};
		4F21B93F275E65FE003F9BEB /* Frameworks */ = {
			isa = PBXFrameworksBuildPhase;
			buildActionMask = 2147483647;
			files = (
			);
			runOnlyForDeploymentPostprocessing = 0;
		};
/* End PBXFrameworksBuildPhase section */

/* Begin PBXGroup section */
		4F21B919275E65E6003F9BEB = {
			isa = PBXGroup;
			children = (
				4F21B924275E65E7003F9BEB /* RickAndMorty */,
				4F21B93B275E65FE003F9BEB /* RickAndMortyTests */,
				4F21B945275E65FE003F9BEB /* RickAndMortyUITests */,
				4F21B923275E65E7003F9BEB /* Products */,
			);
			sourceTree = "<group>";
		};
		4F21B923275E65E7003F9BEB /* Products */ = {
			isa = PBXGroup;
			children = (
				4F21B922275E65E7003F9BEB /* RickAndMorty.app */,
				4F21B938275E65FE003F9BEB /* RickAndMortyTests.xctest */,
				4F21B942275E65FE003F9BEB /* RickAndMortyUITests.xctest */,
			);
			name = Products;
			sourceTree = "<group>";
		};
		4F21B924275E65E7003F9BEB /* RickAndMorty */ = {
			isa = PBXGroup;
			children = (
				4F21B963275E8620003F9BEB /* Services */,
				4F21B95E275E7A29003F9BEB /* Workers */,
				4F21B95B275E765C003F9BEB /* Models */,
				4F21B955275E6F4D003F9BEB /* Scenes */,
				4F21B925275E65E7003F9BEB /* AppDelegate.swift */,
				4F21B927275E65E7003F9BEB /* SceneDelegate.swift */,
				4F21B92E275E65FC003F9BEB /* Assets.xcassets */,
				4F21B930275E65FC003F9BEB /* LaunchScreen.storyboard */,
				4F21B933275E65FC003F9BEB /* Info.plist */,
			);
			path = RickAndMorty;
			sourceTree = "<group>";
		};
		4F21B93B275E65FE003F9BEB /* RickAndMortyTests */ = {
			isa = PBXGroup;
			children = (
				4F21B93C275E65FE003F9BEB /* RickAndMortyTests.swift */,
				4FF3C806275FBB760092A86D /* ListEpisodes.json */,
			);
			path = RickAndMortyTests;
			sourceTree = "<group>";
		};
		4F21B945275E65FE003F9BEB /* RickAndMortyUITests */ = {
			isa = PBXGroup;
			children = (
				4F21B946275E65FE003F9BEB /* RickAndMortyUITests.swift */,
				4F21B948275E65FE003F9BEB /* RickAndMortyUITestsLaunchTests.swift */,
			);
			path = RickAndMortyUITests;
			sourceTree = "<group>";
		};
		4F21B955275E6F4D003F9BEB /* Scenes */ = {
			isa = PBXGroup;
			children = (
				4F21B968275ED53C003F9BEB /* EpisodeDetail */,
				4F21B956275E6F75003F9BEB /* ListEpisodes */,
			);
			path = Scenes;
			sourceTree = "<group>";
		};
		4F21B956275E6F75003F9BEB /* ListEpisodes */ = {
			isa = PBXGroup;
			children = (
				4F21B957275E6FC7003F9BEB /* ListEpisodesViewController.swift */,
				4F21B959275E753E003F9BEB /* ListEpisodesInteractor.swift */,
				4F21B966275E9A05003F9BEB /* ListEpisodesPresenter.swift */,
				4F21B964275E8909003F9BEB /* ListEpisodesModels.swift */,
				4F21B96B275ED75E003F9BEB /* ListEpisodesRouter.swift */,
			);
			path = ListEpisodes;
			sourceTree = "<group>";
		};
		4F21B95B275E765C003F9BEB /* Models */ = {
			isa = PBXGroup;
			children = (
				4F21B95C275E7688003F9BEB /* Episode.swift */,
			);
			path = Models;
			sourceTree = "<group>";
		};
		4F21B95E275E7A29003F9BEB /* Workers */ = {
			isa = PBXGroup;
			children = (
				4F21B95F275E7A3E003F9BEB /* EpisodesWorker.swift */,
			);
			path = Workers;
			sourceTree = "<group>";
		};
		4F21B963275E8620003F9BEB /* Services */ = {
			isa = PBXGroup;
			children = (
				4F21B961275E861A003F9BEB /* EpisodesAPI.swift */,
			);
			path = Services;
			sourceTree = "<group>";
		};
		4F21B968275ED53C003F9BEB /* EpisodeDetail */ = {
			isa = PBXGroup;
			children = (
				4F21B973275F84F1003F9BEB /* ViewCells */,
				4F21B969275ED55F003F9BEB /* EpisodeDetailViewController.swift */,
				4F21B96F275EE539003F9BEB /* EpisodeDetailsInteractor.swift */,
				4F21B971275F7E04003F9BEB /* EpisodeDetailPresenter.swift */,
				4F21B96D275EE384003F9BEB /* EpisodeDetailModels.swift */,
			);
			path = EpisodeDetail;
			sourceTree = "<group>";
		};
		4F21B973275F84F1003F9BEB /* ViewCells */ = {
			isa = PBXGroup;
			children = (
				4F21B974275F8522003F9BEB /* EpisodeInfoTableViewCell.swift */,
				4F21B976275F9150003F9BEB /* EpisodeCharacterTableViewCell.swift */,
			);
			path = ViewCells;
			sourceTree = "<group>";
		};
/* End PBXGroup section */

/* Begin PBXNativeTarget section */
		4F21B921275E65E7003F9BEB /* RickAndMorty */ = {
			isa = PBXNativeTarget;
			buildConfigurationList = 4F21B94C275E65FE003F9BEB /* Build configuration list for PBXNativeTarget "RickAndMorty" */;
			buildPhases = (
				4F21B91E275E65E7003F9BEB /* Sources */,
				4F21B91F275E65E7003F9BEB /* Frameworks */,
				4F21B920275E65E7003F9BEB /* Resources */,
			);
			buildRules = (
			);
			dependencies = (
			);
			name = RickAndMorty;
			productName = RickAndMorty;
			productReference = 4F21B922275E65E7003F9BEB /* RickAndMorty.app */;
			productType = "com.apple.product-type.application";
		};
		4F21B937275E65FD003F9BEB /* RickAndMortyTests */ = {
			isa = PBXNativeTarget;
			buildConfigurationList = 4F21B94F275E65FE003F9BEB /* Build configuration list for PBXNativeTarget "RickAndMortyTests" */;
			buildPhases = (
				4F21B934275E65FD003F9BEB /* Sources */,
				4F21B935275E65FD003F9BEB /* Frameworks */,
				4F21B936275E65FD003F9BEB /* Resources */,
			);
			buildRules = (
			);
			dependencies = (
				4F21B93A275E65FE003F9BEB /* PBXTargetDependency */,
			);
			name = RickAndMortyTests;
			productName = RickAndMortyTests;
			productReference = 4F21B938275E65FE003F9BEB /* RickAndMortyTests.xctest */;
			productType = "com.apple.product-type.bundle.unit-test";
		};
		4F21B941275E65FE003F9BEB /* RickAndMortyUITests */ = {
			isa = PBXNativeTarget;
			buildConfigurationList = 4F21B952275E65FE003F9BEB /* Build configuration list for PBXNativeTarget "RickAndMortyUITests" */;
			buildPhases = (
				4F21B93E275E65FE003F9BEB /* Sources */,
				4F21B93F275E65FE003F9BEB /* Frameworks */,
				4F21B940275E65FE003F9BEB /* Resources */,
			);
			buildRules = (
			);
			dependencies = (
				4F21B944275E65FE003F9BEB /* PBXTargetDependency */,
			);
			name = RickAndMortyUITests;
			productName = RickAndMortyUITests;
			productReference = 4F21B942275E65FE003F9BEB /* RickAndMortyUITests.xctest */;
			productType = "com.apple.product-type.bundle.ui-testing";
		};
/* End PBXNativeTarget section */

/* Begin PBXProject section */
		4F21B91A275E65E6003F9BEB /* Project object */ = {
			isa = PBXProject;
			attributes = {
				BuildIndependentTargetsInParallel = 1;
				LastSwiftUpdateCheck = 1310;
				LastUpgradeCheck = 1310;
				TargetAttributes = {
					4F21B921275E65E7003F9BEB = {
						CreatedOnToolsVersion = 13.1;
					};
					4F21B937275E65FD003F9BEB = {
						CreatedOnToolsVersion = 13.1;
						TestTargetID = 4F21B921275E65E7003F9BEB;
					};
					4F21B941275E65FE003F9BEB = {
						CreatedOnToolsVersion = 13.1;
						TestTargetID = 4F21B921275E65E7003F9BEB;
					};
				};
			};
			buildConfigurationList = 4F21B91D275E65E7003F9BEB /* Build configuration list for PBXProject "RickAndMorty" */;
			compatibilityVersion = "Xcode 13.0";
			developmentRegion = en;
			hasScannedForEncodings = 0;
			knownRegions = (
				en,
				Base,
			);
			mainGroup = 4F21B919275E65E6003F9BEB;
			productRefGroup = 4F21B923275E65E7003F9BEB /* Products */;
			projectDirPath = "";
			projectRoot = "";
			targets = (
				4F21B921275E65E7003F9BEB /* RickAndMorty */,
				4F21B937275E65FD003F9BEB /* RickAndMortyTests */,
				4F21B941275E65FE003F9BEB /* RickAndMortyUITests */,
			);
		};
/* End PBXProject section */

/* Begin PBXResourcesBuildPhase section */
		4F21B920275E65E7003F9BEB /* Resources */ = {
			isa = PBXResourcesBuildPhase;
			buildActionMask = 2147483647;
			files = (
				4F21B932275E65FC003F9BEB /* LaunchScreen.storyboard in Resources */,
				4F21B92F275E65FC003F9BEB /* Assets.xcassets in Resources */,
			);
			runOnlyForDeploymentPostprocessing = 0;
		};
		4F21B936275E65FD003F9BEB /* Resources */ = {
			isa = PBXResourcesBuildPhase;
			buildActionMask = 2147483647;
			files = (
				4FF3C807275FBB760092A86D /* ListEpisodes.json in Resources */,
			);
			runOnlyForDeploymentPostprocessing = 0;
		};
		4F21B940275E65FE003F9BEB /* Resources */ = {
			isa = PBXResourcesBuildPhase;
			buildActionMask = 2147483647;
			files = (
			);
			runOnlyForDeploymentPostprocessing = 0;
		};
/* End PBXResourcesBuildPhase section */

/* Begin PBXSourcesBuildPhase section */
		4F21B91E275E65E7003F9BEB /* Sources */ = {
			isa = PBXSourcesBuildPhase;
			buildActionMask = 2147483647;
			files = (
				4F21B958275E6FC7003F9BEB /* ListEpisodesViewController.swift in Sources */,
				4F21B95D275E7688003F9BEB /* Episode.swift in Sources */,
				4F21B970275EE539003F9BEB /* EpisodeDetailsInteractor.swift in Sources */,
				4F21B975275F8522003F9BEB /* EpisodeInfoTableViewCell.swift in Sources */,
				4F21B967275E9A05003F9BEB /* ListEpisodesPresenter.swift in Sources */,
				4F21B962275E861A003F9BEB /* EpisodesAPI.swift in Sources */,
				4F21B972275F7E04003F9BEB /* EpisodeDetailPresenter.swift in Sources */,
				4F21B96C275ED75E003F9BEB /* ListEpisodesRouter.swift in Sources */,
				4F21B960275E7A3E003F9BEB /* EpisodesWorker.swift in Sources */,
				4F21B965275E8909003F9BEB /* ListEpisodesModels.swift in Sources */,
				4F21B926275E65E7003F9BEB /* AppDelegate.swift in Sources */,
				4F21B96E275EE385003F9BEB /* EpisodeDetailModels.swift in Sources */,
				4F21B928275E65E7003F9BEB /* SceneDelegate.swift in Sources */,
				4F21B95A275E753E003F9BEB /* ListEpisodesInteractor.swift in Sources */,
				4F21B96A275ED561003F9BEB /* EpisodeDetailViewController.swift in Sources */,
				4F21B977275F9150003F9BEB /* EpisodeCharacterTableViewCell.swift in Sources */,
			);
			runOnlyForDeploymentPostprocessing = 0;
		};
		4F21B934275E65FD003F9BEB /* Sources */ = {
			isa = PBXSourcesBuildPhase;
			buildActionMask = 2147483647;
			files = (
				4F21B93D275E65FE003F9BEB /* RickAndMortyTests.swift in Sources */,
			);
			runOnlyForDeploymentPostprocessing = 0;
		};
		4F21B93E275E65FE003F9BEB /* Sources */ = {
			isa = PBXSourcesBuildPhase;
			buildActionMask = 2147483647;
			files = (
				4F21B947275E65FE003F9BEB /* RickAndMortyUITests.swift in Sources */,
				4F21B949275E65FE003F9BEB /* RickAndMortyUITestsLaunchTests.swift in Sources */,
			);
			runOnlyForDeploymentPostprocessing = 0;
		};
/* End PBXSourcesBuildPhase section */

/* Begin PBXTargetDependency section */
		4F21B93A275E65FE003F9BEB /* PBXTargetDependency */ = {
			isa = PBXTargetDependency;
			target = 4F21B921275E65E7003F9BEB /* RickAndMorty */;
			targetProxy = 4F21B939275E65FE003F9BEB /* PBXContainerItemProxy */;
		};
		4F21B944275E65FE003F9BEB /* PBXTargetDependency */ = {
			isa = PBXTargetDependency;
			target = 4F21B921275E65E7003F9BEB /* RickAndMorty */;
			targetProxy = 4F21B943275E65FE003F9BEB /* PBXContainerItemProxy */;
		};
/* End PBXTargetDependency section */

/* Begin PBXVariantGroup section */
		4F21B930275E65FC003F9BEB /* LaunchScreen.storyboard */ = {
			isa = PBXVariantGroup;
			children = (
				4F21B931275E65FC003F9BEB /* Base */,
			);
			name = LaunchScreen.storyboard;
			sourceTree = "<group>";
		};
/* End PBXVariantGroup section */

/* Begin XCBuildConfiguration section */
		4F21B94A275E65FE003F9BEB /* Debug */ = {
			isa = XCBuildConfiguration;
			buildSettings = {
				ALWAYS_SEARCH_USER_PATHS = NO;
				CLANG_ANALYZER_NONNULL = YES;
				CLANG_ANALYZER_NUMBER_OBJECT_CONVERSION = YES_AGGRESSIVE;
				CLANG_CXX_LANGUAGE_STANDARD = "gnu++17";
				CLANG_CXX_LIBRARY = "libc++";
				CLANG_ENABLE_MODULES = YES;
				CLANG_ENABLE_OBJC_ARC = YES;
				CLANG_ENABLE_OBJC_WEAK = YES;
				CLANG_WARN_BLOCK_CAPTURE_AUTORELEASING = YES;
				CLANG_WARN_BOOL_CONVERSION = YES;
				CLANG_WARN_COMMA = YES;
				CLANG_WARN_CONSTANT_CONVERSION = YES;
				CLANG_WARN_DEPRECATED_OBJC_IMPLEMENTATIONS = YES;
				CLANG_WARN_DIRECT_OBJC_ISA_USAGE = YES_ERROR;
				CLANG_WARN_DOCUMENTATION_COMMENTS = YES;
				CLANG_WARN_EMPTY_BODY = YES;
				CLANG_WARN_ENUM_CONVERSION = YES;
				CLANG_WARN_INFINITE_RECURSION = YES;
				CLANG_WARN_INT_CONVERSION = YES;
				CLANG_WARN_NON_LITERAL_NULL_CONVERSION = YES;
				CLANG_WARN_OBJC_IMPLICIT_RETAIN_SELF = YES;
				CLANG_WARN_OBJC_LITERAL_CONVERSION = YES;
				CLANG_WARN_OBJC_ROOT_CLASS = YES_ERROR;
				CLANG_WARN_QUOTED_INCLUDE_IN_FRAMEWORK_HEADER = YES;
				CLANG_WARN_RANGE_LOOP_ANALYSIS = YES;
				CLANG_WARN_STRICT_PROTOTYPES = YES;
				CLANG_WARN_SUSPICIOUS_MOVE = YES;
				CLANG_WARN_UNGUARDED_AVAILABILITY = YES_AGGRESSIVE;
				CLANG_WARN_UNREACHABLE_CODE = YES;
				CLANG_WARN__DUPLICATE_METHOD_MATCH = YES;
				COPY_PHASE_STRIP = NO;
				DEBUG_INFORMATION_FORMAT = dwarf;
				ENABLE_STRICT_OBJC_MSGSEND = YES;
				ENABLE_TESTABILITY = YES;
				GCC_C_LANGUAGE_STANDARD = gnu11;
				GCC_DYNAMIC_NO_PIC = NO;
				GCC_NO_COMMON_BLOCKS = YES;
				GCC_OPTIMIZATION_LEVEL = 0;
				GCC_PREPROCESSOR_DEFINITIONS = (
					"DEBUG=1",
					"$(inherited)",
				);
				GCC_WARN_64_TO_32_BIT_CONVERSION = YES;
				GCC_WARN_ABOUT_RETURN_TYPE = YES_ERROR;
				GCC_WARN_UNDECLARED_SELECTOR = YES;
				GCC_WARN_UNINITIALIZED_AUTOS = YES_AGGRESSIVE;
				GCC_WARN_UNUSED_FUNCTION = YES;
				GCC_WARN_UNUSED_VARIABLE = YES;
				IPHONEOS_DEPLOYMENT_TARGET = 15.0;
				MTL_ENABLE_DEBUG_INFO = INCLUDE_SOURCE;
				MTL_FAST_MATH = YES;
				ONLY_ACTIVE_ARCH = YES;
				SDKROOT = iphoneos;
				SWIFT_ACTIVE_COMPILATION_CONDITIONS = DEBUG;
				SWIFT_OPTIMIZATION_LEVEL = "-Onone";
			};
			name = Debug;
		};
		4F21B94B275E65FE003F9BEB /* Release */ = {
			isa = XCBuildConfiguration;
			buildSettings = {
				ALWAYS_SEARCH_USER_PATHS = NO;
				CLANG_ANALYZER_NONNULL = YES;
				CLANG_ANALYZER_NUMBER_OBJECT_CONVERSION = YES_AGGRESSIVE;
				CLANG_CXX_LANGUAGE_STANDARD = "gnu++17";
				CLANG_CXX_LIBRARY = "libc++";
				CLANG_ENABLE_MODULES = YES;
				CLANG_ENABLE_OBJC_ARC = YES;
				CLANG_ENABLE_OBJC_WEAK = YES;
				CLANG_WARN_BLOCK_CAPTURE_AUTORELEASING = YES;
				CLANG_WARN_BOOL_CONVERSION = YES;
				CLANG_WARN_COMMA = YES;
				CLANG_WARN_CONSTANT_CONVERSION = YES;
				CLANG_WARN_DEPRECATED_OBJC_IMPLEMENTATIONS = YES;
				CLANG_WARN_DIRECT_OBJC_ISA_USAGE = YES_ERROR;
				CLANG_WARN_DOCUMENTATION_COMMENTS = YES;
				CLANG_WARN_EMPTY_BODY = YES;
				CLANG_WARN_ENUM_CONVERSION = YES;
				CLANG_WARN_INFINITE_RECURSION = YES;
				CLANG_WARN_INT_CONVERSION = YES;
				CLANG_WARN_NON_LITERAL_NULL_CONVERSION = YES;
				CLANG_WARN_OBJC_IMPLICIT_RETAIN_SELF = YES;
				CLANG_WARN_OBJC_LITERAL_CONVERSION = YES;
				CLANG_WARN_OBJC_ROOT_CLASS = YES_ERROR;
				CLANG_WARN_QUOTED_INCLUDE_IN_FRAMEWORK_HEADER = YES;
				CLANG_WARN_RANGE_LOOP_ANALYSIS = YES;
				CLANG_WARN_STRICT_PROTOTYPES = YES;
				CLANG_WARN_SUSPICIOUS_MOVE = YES;
				CLANG_WARN_UNGUARDED_AVAILABILITY = YES_AGGRESSIVE;
				CLANG_WARN_UNREACHABLE_CODE = YES;
				CLANG_WARN__DUPLICATE_METHOD_MATCH = YES;
				COPY_PHASE_STRIP = NO;
				DEBUG_INFORMATION_FORMAT = "dwarf-with-dsym";
				ENABLE_NS_ASSERTIONS = NO;
				ENABLE_STRICT_OBJC_MSGSEND = YES;
				GCC_C_LANGUAGE_STANDARD = gnu11;
				GCC_NO_COMMON_BLOCKS = YES;
				GCC_WARN_64_TO_32_BIT_CONVERSION = YES;
				GCC_WARN_ABOUT_RETURN_TYPE = YES_ERROR;
				GCC_WARN_UNDECLARED_SELECTOR = YES;
				GCC_WARN_UNINITIALIZED_AUTOS = YES_AGGRESSIVE;
				GCC_WARN_UNUSED_FUNCTION = YES;
				GCC_WARN_UNUSED_VARIABLE = YES;
				IPHONEOS_DEPLOYMENT_TARGET = 15.0;
				MTL_ENABLE_DEBUG_INFO = NO;
				MTL_FAST_MATH = YES;
				SDKROOT = iphoneos;
				SWIFT_COMPILATION_MODE = wholemodule;
				SWIFT_OPTIMIZATION_LEVEL = "-O";
				VALIDATE_PRODUCT = YES;
			};
			name = Release;
		};
		4F21B94D275E65FE003F9BEB /* Debug */ = {
			isa = XCBuildConfiguration;
			buildSettings = {
				ASSETCATALOG_COMPILER_APPICON_NAME = AppIcon;
				ASSETCATALOG_COMPILER_GLOBAL_ACCENT_COLOR_NAME = AccentColor;
				CODE_SIGN_STYLE = Automatic;
				CURRENT_PROJECT_VERSION = 1;
				DEVELOPMENT_TEAM = 6D9YK3G6YK;
				GENERATE_INFOPLIST_FILE = YES;
				INFOPLIST_FILE = RickAndMorty/Info.plist;
				INFOPLIST_KEY_UIApplicationSupportsIndirectInputEvents = YES;
				INFOPLIST_KEY_UILaunchStoryboardName = LaunchScreen;
				INFOPLIST_KEY_UISupportedInterfaceOrientations_iPad = "UIInterfaceOrientationPortrait UIInterfaceOrientationPortraitUpsideDown UIInterfaceOrientationLandscapeLeft UIInterfaceOrientationLandscapeRight";
				INFOPLIST_KEY_UISupportedInterfaceOrientations_iPhone = "UIInterfaceOrientationPortrait UIInterfaceOrientationLandscapeLeft UIInterfaceOrientationLandscapeRight";
				LD_RUNPATH_SEARCH_PATHS = (
					"$(inherited)",
					"@executable_path/Frameworks",
				);
				MARKETING_VERSION = 1.0;
				PRODUCT_BUNDLE_IDENTIFIER = com.muruna.RickAndMorty;
				PRODUCT_NAME = "$(TARGET_NAME)";
				SWIFT_EMIT_LOC_STRINGS = YES;
				SWIFT_VERSION = 5.0;
				TARGETED_DEVICE_FAMILY = "1,2";
			};
			name = Debug;
		};
		4F21B94E275E65FE003F9BEB /* Release */ = {
			isa = XCBuildConfiguration;
			buildSettings = {
				ASSETCATALOG_COMPILER_APPICON_NAME = AppIcon;
				ASSETCATALOG_COMPILER_GLOBAL_ACCENT_COLOR_NAME = AccentColor;
				CODE_SIGN_STYLE = Automatic;
				CURRENT_PROJECT_VERSION = 1;
				DEVELOPMENT_TEAM = 6D9YK3G6YK;
				GENERATE_INFOPLIST_FILE = YES;
				INFOPLIST_FILE = RickAndMorty/Info.plist;
				INFOPLIST_KEY_UIApplicationSupportsIndirectInputEvents = YES;
				INFOPLIST_KEY_UILaunchStoryboardName = LaunchScreen;
				INFOPLIST_KEY_UISupportedInterfaceOrientations_iPad = "UIInterfaceOrientationPortrait UIInterfaceOrientationPortraitUpsideDown UIInterfaceOrientationLandscapeLeft UIInterfaceOrientationLandscapeRight";
				INFOPLIST_KEY_UISupportedInterfaceOrientations_iPhone = "UIInterfaceOrientationPortrait UIInterfaceOrientationLandscapeLeft UIInterfaceOrientationLandscapeRight";
				LD_RUNPATH_SEARCH_PATHS = (
					"$(inherited)",
					"@executable_path/Frameworks",
				);
				MARKETING_VERSION = 1.0;
				PRODUCT_BUNDLE_IDENTIFIER = com.muruna.RickAndMorty;
				PRODUCT_NAME = "$(TARGET_NAME)";
				SWIFT_EMIT_LOC_STRINGS = YES;
				SWIFT_VERSION = 5.0;
				TARGETED_DEVICE_FAMILY = "1,2";
			};
			name = Release;
		};
		4F21B950275E65FE003F9BEB /* Debug */ = {
			isa = XCBuildConfiguration;
			buildSettings = {
				ALWAYS_EMBED_SWIFT_STANDARD_LIBRARIES = YES;
				BUNDLE_LOADER = "$(TEST_HOST)";
				CODE_SIGN_STYLE = Automatic;
				CURRENT_PROJECT_VERSION = 1;
				DEVELOPMENT_TEAM = 6D9YK3G6YK;
				GENERATE_INFOPLIST_FILE = YES;
				IPHONEOS_DEPLOYMENT_TARGET = 15.0;
				LD_RUNPATH_SEARCH_PATHS = (
					"$(inherited)",
					"@executable_path/Frameworks",
					"@loader_path/Frameworks",
				);
				MARKETING_VERSION = 1.0;
				PRODUCT_BUNDLE_IDENTIFIER = com.muruna.RickAndMortyTests;
				PRODUCT_NAME = "$(TARGET_NAME)";
				SWIFT_EMIT_LOC_STRINGS = NO;
				SWIFT_VERSION = 5.0;
				TARGETED_DEVICE_FAMILY = "1,2";
				TEST_HOST = "$(BUILT_PRODUCTS_DIR)/RickAndMorty.app/RickAndMorty";
			};
			name = Debug;
		};
		4F21B951275E65FE003F9BEB /* Release */ = {
			isa = XCBuildConfiguration;
			buildSettings = {
				ALWAYS_EMBED_SWIFT_STANDARD_LIBRARIES = YES;
				BUNDLE_LOADER = "$(TEST_HOST)";
				CODE_SIGN_STYLE = Automatic;
				CURRENT_PROJECT_VERSION = 1;
				DEVELOPMENT_TEAM = 6D9YK3G6YK;
				GENERATE_INFOPLIST_FILE = YES;
				IPHONEOS_DEPLOYMENT_TARGET = 15.0;
				LD_RUNPATH_SEARCH_PATHS = (
					"$(inherited)",
					"@executable_path/Frameworks",
					"@loader_path/Frameworks",
				);
				MARKETING_VERSION = 1.0;
				PRODUCT_BUNDLE_IDENTIFIER = com.muruna.RickAndMortyTests;
				PRODUCT_NAME = "$(TARGET_NAME)";
				SWIFT_EMIT_LOC_STRINGS = NO;
				SWIFT_VERSION = 5.0;
				TARGETED_DEVICE_FAMILY = "1,2";
				TEST_HOST = "$(BUILT_PRODUCTS_DIR)/RickAndMorty.app/RickAndMorty";
			};
			name = Release;
		};
		4F21B953275E65FE003F9BEB /* Debug */ = {
			isa = XCBuildConfiguration;
			buildSettings = {
				ALWAYS_EMBED_SWIFT_STANDARD_LIBRARIES = YES;
				CODE_SIGN_STYLE = Automatic;
				CURRENT_PROJECT_VERSION = 1;
				DEVELOPMENT_TEAM = 6D9YK3G6YK;
				GENERATE_INFOPLIST_FILE = YES;
				LD_RUNPATH_SEARCH_PATHS = (
					"$(inherited)",
					"@executable_path/Frameworks",
					"@loader_path/Frameworks",
				);
				MARKETING_VERSION = 1.0;
				PRODUCT_BUNDLE_IDENTIFIER = com.muruna.RickAndMortyUITests;
				PRODUCT_NAME = "$(TARGET_NAME)";
				SWIFT_EMIT_LOC_STRINGS = NO;
				SWIFT_VERSION = 5.0;
				TARGETED_DEVICE_FAMILY = "1,2";
				TEST_TARGET_NAME = RickAndMorty;
			};
			name = Debug;
		};
		4F21B954275E65FE003F9BEB /* Release */ = {
			isa = XCBuildConfiguration;
			buildSettings = {
				ALWAYS_EMBED_SWIFT_STANDARD_LIBRARIES = YES;
				CODE_SIGN_STYLE = Automatic;
				CURRENT_PROJECT_VERSION = 1;
				DEVELOPMENT_TEAM = 6D9YK3G6YK;
				GENERATE_INFOPLIST_FILE = YES;
				LD_RUNPATH_SEARCH_PATHS = (
					"$(inherited)",
					"@executable_path/Frameworks",
					"@loader_path/Frameworks",
				);
				MARKETING_VERSION = 1.0;
				PRODUCT_BUNDLE_IDENTIFIER = com.muruna.RickAndMortyUITests;
				PRODUCT_NAME = "$(TARGET_NAME)";
				SWIFT_EMIT_LOC_STRINGS = NO;
				SWIFT_VERSION = 5.0;
				TARGETED_DEVICE_FAMILY = "1,2";
				TEST_TARGET_NAME = RickAndMorty;
			};
			name = Release;
		};
/* End XCBuildConfiguration section */

/* Begin XCConfigurationList section */
		4F21B91D275E65E7003F9BEB /* Build configuration list for PBXProject "RickAndMorty" */ = {
			isa = XCConfigurationList;
			buildConfigurations = (
				4F21B94A275E65FE003F9BEB /* Debug */,
				4F21B94B275E65FE003F9BEB /* Release */,
			);
			defaultConfigurationIsVisible = 0;
			defaultConfigurationName = Release;
		};
		4F21B94C275E65FE003F9BEB /* Build configuration list for PBXNativeTarget "RickAndMorty" */ = {
			isa = XCConfigurationList;
			buildConfigurations = (
				4F21B94D275E65FE003F9BEB /* Debug */,
				4F21B94E275E65FE003F9BEB /* Release */,
			);
			defaultConfigurationIsVisible = 0;
			defaultConfigurationName = Release;
		};
		4F21B94F275E65FE003F9BEB /* Build configuration list for PBXNativeTarget "RickAndMortyTests" */ = {
			isa = XCConfigurationList;
			buildConfigurations = (
				4F21B950275E65FE003F9BEB /* Debug */,
				4F21B951275E65FE003F9BEB /* Release */,
			);
			defaultConfigurationIsVisible = 0;
			defaultConfigurationName = Release;
		};
		4F21B952275E65FE003F9BEB /* Build configuration list for PBXNativeTarget "RickAndMortyUITests" */ = {
			isa = XCConfigurationList;
			buildConfigurations = (
				4F21B953275E65FE003F9BEB /* Debug */,
				4F21B954275E65FE003F9BEB /* Release */,
			);
			defaultConfigurationIsVisible = 0;
			defaultConfigurationName = Release;
		};
/* End XCConfigurationList section */
	};
	rootObject = 4F21B91A275E65E6003F9BEB /* Project object */;
}
